PODS:
  - Bolts (1.8.4):
    - Bolts/AppLinks (= 1.8.4)
    - Bolts/Tasks (= 1.8.4)
  - Bolts/AppLinks (1.8.4):
    - Bolts/Tasks
  - Bolts/Tasks (1.8.4)
  - ChameleonFramework (2.1.0):
    - ChameleonFramework/Default (= 2.1.0)
  - ChameleonFramework/Default (2.1.0)
  - FBSDKCoreKit (4.26.0):
    - Bolts (~> 1.7)
  - FBSDKLoginKit (4.26.0):
    - FBSDKCoreKit
  - FBSDKShareKit (4.26.0):
    - FBSDKCoreKit
  - GoogleMaps (2.5.0):
    - GoogleMaps/Maps (= 2.5.0)
  - GoogleMaps/Base (2.5.0)
  - GoogleMaps/Maps (2.5.0):
    - GoogleMaps/Base
  - GooglePlaces (2.5.0):
    - GoogleMaps/Base (= 2.5.0)

DEPENDENCIES:
  - ChameleonFramework (~> 2.1)
  - FBSDKCoreKit (~> 4.26)
  - FBSDKLoginKit (~> 4.26)
  - FBSDKShareKit (~> 4.26)
  - GoogleMaps (~> 2.5)
  - GooglePlaces (~> 2.5)

SPEC CHECKSUMS:
  Bolts: 8a7995239dbe724f9cba2248b766d48b7ebdd322
  ChameleonFramework: d21a3cc247abfe5e37609a283a8238b03575cf64
  FBSDKCoreKit: c8b8582311ec11b145451d8b9717dc6cc2ae5a76
  FBSDKLoginKit: f3f03b94c21eb834af243c0a881d48641f47ca60
  FBSDKShareKit: 320712d8293fde6392872c91eb80ef0da5d73cc3
  GoogleMaps: c087b8e5dfe87ca6ebf59adb9b4894a4146bec4f
  GooglePlaces: dd70d9d71ea1c7944846afe67de3712c99b30a77

PODFILE CHECKSUM: 0a09150310aa251f799ed25ebd1348a9542a847e

COCOAPODS: 1.3.1
